<?xml version="1.0" encoding="utf-8"?>
<Project ToolsVersion="4.0" xmlns="http://schemas.microsoft.com/developer/msbuild/2003">
  <ItemGroup>
    <Filter Include="common">
      <UniqueIdentifier>{61f8ed5b-3995-4b52-98af-21ad15ab804f}</UniqueIdentifier>
    </Filter>
    <Filter Include="tdsPro">
      <UniqueIdentifier>{55f4ffc4-1c52-448a-9316-d0c36fe31046}</UniqueIdentifier>
    </Filter>
    <Filter Include="tdsPro\licence">
      <UniqueIdentifier>{8e4f04ff-4e86-4c67-8cf6-7d57cc5aa2ca}</UniqueIdentifier>
    </Filter>
    <Filter Include="data_server">
      <UniqueIdentifier>{5d91d037-d2ac-4c19-880f-65f813a180bc}</UniqueIdentifier>
    </Filter>
    <Filter Include="io_server">
      <UniqueIdentifier>{bb3caff4-0780-48ec-9125-75891b23875a}</UniqueIdentifier>
    </Filter>
    <Filter Include="func_module">
      <UniqueIdentifier>{2ceef404-76b7-46d3-825a-f27e496c0dda}</UniqueIdentifier>
    </Filter>
    <Filter Include="tdsPro\func_module">
      <UniqueIdentifier>{c46dc1af-c615-4170-9fb1-b3d05abdf64a}</UniqueIdentifier>
    </Filter>
    <Filter Include="tdsPro\io_server">
      <UniqueIdentifier>{d59154be-8bdb-450c-8f61-33eabb9fec09}</UniqueIdentifier>
    </Filter>
    <Filter Include="tools">
      <UniqueIdentifier>{71bb2987-59a1-4354-b2ab-cdcc697f1816}</UniqueIdentifier>
    </Filter>
    <Filter Include="tdb">
      <UniqueIdentifier>{81ba2ff7-a317-4111-888d-0c00a3926fb6}</UniqueIdentifier>
    </Filter>
  </ItemGroup>
  <ItemGroup>
    <ClCompile Include="..\src\common\logger.cpp">
      <Filter>common</Filter>
    </ClCompile>
    <ClCompile Include="..\src\common\tcpClt.cpp">
      <Filter>common</Filter>
    </ClCompile>
    <ClCompile Include="..\src\common\tcpSrv.cpp">
      <Filter>common</Filter>
    </ClCompile>
    <ClCompile Include="..\src\main.cpp" />
    <ClCompile Include="..\src\tds_imp.cpp" />
    <ClCompile Include="..\src\common\yyjson.c">
      <Filter>common</Filter>
    </ClCompile>
    <ClCompile Include="..\src\common\udpSrv.cpp">
      <Filter>common</Filter>
    </ClCompile>
    <ClCompile Include="..\src\common\stream2pkt.cpp">
      <Filter>common</Filter>
    </ClCompile>
    <ClCompile Include="..\src\common\mongoose.c">
      <Filter>common</Filter>
    </ClCompile>
    <ClCompile Include="..\src\test.cpp" />
    <ClCompile Include="..\src\common\base64.c">
      <Filter>common</Filter>
    </ClCompile>
    <ClCompile Include="..\src\common\common.cpp">
      <Filter>common</Filter>
    </ClCompile>
    <ClCompile Include="..\src\common\kvIni.cpp">
      <Filter>common</Filter>
    </ClCompile>
    <ClCompile Include="..\src\data_server\tAlmSrv.cpp">
      <Filter>data_server</Filter>
    </ClCompile>
    <ClCompile Include="..\src\data_server\mp.cpp">
      <Filter>data_server</Filter>
    </ClCompile>
    <ClCompile Include="..\src\data_server\obj.cpp">
      <Filter>data_server</Filter>
    </ClCompile>
    <ClCompile Include="..\src\data_server\prj.cpp">
      <Filter>data_server</Filter>
    </ClCompile>
    <ClCompile Include="..\src\data_server\reverseInterface.cpp">
      <Filter>data_server</Filter>
    </ClCompile>
    <ClCompile Include="..\src\data_server\rpcHandler.cpp">
      <Filter>data_server</Filter>
    </ClCompile>
    <ClCompile Include="..\src\data_server\scriptEngine.cpp">
      <Filter>data_server</Filter>
    </ClCompile>
    <ClCompile Include="..\src\data_server\scriptFunc.cpp">
      <Filter>data_server</Filter>
    </ClCompile>
    <ClCompile Include="..\src\data_server\scriptManager.cpp">
      <Filter>data_server</Filter>
    </ClCompile>
    <ClCompile Include="..\src\data_server\tdsSession.cpp">
      <Filter>data_server</Filter>
    </ClCompile>
    <ClCompile Include="..\src\data_server\webSrv.cpp">
      <Filter>data_server</Filter>
    </ClCompile>
    <ClCompile Include="..\src\io_server\ioChan.cpp">
      <Filter>io_server</Filter>
    </ClCompile>
    <ClCompile Include="..\src\io_server\ioDev.cpp">
      <Filter>io_server</Filter>
    </ClCompile>
    <ClCompile Include="..\src\io_server\ioSrv.cpp">
      <Filter>io_server</Filter>
    </ClCompile>
    <ClCompile Include="..\src\io_server\proto_common.cpp">
      <Filter>io_server</Filter>
    </ClCompile>
    <ClCompile Include="..\src\io_server\wsProto.cpp">
      <Filter>io_server</Filter>
    </ClCompile>
    <ClCompile Include="..\src\func_module\csvTable.cpp">
      <Filter>func_module</Filter>
    </ClCompile>
    <ClCompile Include="..\src\func_module\dumpCatch.cpp">
      <Filter>func_module</Filter>
    </ClCompile>
    <ClCompile Include="..\src\func_module\hmrSrv.cpp">
      <Filter>func_module</Filter>
    </ClCompile>
    <ClCompile Include="..\src\func_module\logServer.cpp">
      <Filter>func_module</Filter>
    </ClCompile>
    <ClCompile Include="..\src\func_module\tdsConf.cpp">
      <Filter>func_module</Filter>
    </ClCompile>
    <ClCompile Include="..\src\func_module\tdsWatchDog.cpp">
      <Filter>func_module</Filter>
    </ClCompile>
    <ClCompile Include="..\src\func_module\userMng.cpp">
      <Filter>func_module</Filter>
    </ClCompile>
    <ClCompile Include="func_module\aliDDNS.cpp">
      <Filter>tdsPro\func_module</Filter>
    </ClCompile>
    <ClCompile Include="func_module\gzhServer.cpp">
      <Filter>tdsPro\func_module</Filter>
    </ClCompile>
    <ClCompile Include="func_module\smsServer.cpp">
      <Filter>tdsPro\func_module</Filter>
    </ClCompile>
    <ClCompile Include="func_module\xiaot.cpp">
      <Filter>tdsPro\func_module</Filter>
    </ClCompile>
    <ClCompile Include="io_server\ioDev_bacnet.cpp">
      <Filter>tdsPro\io_server</Filter>
    </ClCompile>
    <ClCompile Include="io_server\ioDev_dlt645_2007.cpp">
      <Filter>tdsPro\io_server</Filter>
    </ClCompile>
    <ClCompile Include="io_server\ioDev_eip.cpp">
      <Filter>tdsPro\io_server</Filter>
    </ClCompile>
    <ClCompile Include="io_server\ioDev_iq60.cpp">
      <Filter>tdsPro\io_server</Filter>
    </ClCompile>
    <ClCompile Include="io_server\ioDev_modbusRtu.cpp">
      <Filter>tdsPro\io_server</Filter>
    </ClCompile>
    <ClCompile Include="io_server\ioDev_modbusSlave.cpp">
      <Filter>tdsPro\io_server</Filter>
    </ClCompile>
    <ClCompile Include="io_server\ioDev_modbusTcp.cpp">
      <Filter>tdsPro\io_server</Filter>
    </ClCompile>
    <ClCompile Include="io_server\ioDev_onvif.cpp">
      <Filter>tdsPro\io_server</Filter>
    </ClCompile>
    <ClCompile Include="io_server\ioDev_visca.cpp">
      <Filter>tdsPro\io_server</Filter>
    </ClCompile>
    <ClCompile Include="io_server\ioGW_localSerial.cpp">
      <Filter>tdsPro\io_server</Filter>
    </ClCompile>
    <ClCompile Include="io_server\proto_eip.cpp">
      <Filter>tdsPro\io_server</Filter>
    </ClCompile>
    <ClCompile Include="..\src\io_server\ioDev_tdsp.cpp">
      <Filter>io_server</Filter>
    </ClCompile>
    <ClCompile Include="..\src\common\secure.cpp">
      <Filter>common</Filter>
    </ClCompile>
    <ClCompile Include="..\src\common\sha1.cpp">
      <Filter>common</Filter>
    </ClCompile>
    <ClCompile Include="..\src\common\sha256.cpp">
      <Filter>common</Filter>
    </ClCompile>
    <ClCompile Include="..\src\common\md5.cpp">
      <Filter>common</Filter>
    </ClCompile>
    <ClCompile Include="..\src\func_module\taskServer.cpp">
      <Filter>func_module</Filter>
    </ClCompile>
    <ClCompile Include="..\src\pch.cpp" />
    <ClCompile Include="io_server\ioDev_srvStatus.cpp">
      <Filter>tdsPro\io_server</Filter>
    </ClCompile>
    <ClCompile Include="..\src\func_module\statusServer.cpp">
      <Filter>func_module</Filter>
    </ClCompile>
    <ClCompile Include="..\src\data_server\jerry.cpp">
      <Filter>tdb</Filter>
    </ClCompile>
    <ClCompile Include="..\src\data_server\tdb.cpp">
      <Filter>tdb</Filter>
    </ClCompile>
    <ClCompile Include="..\src\io_server\ioGW_rs485ToNet.cpp">
      <Filter>io_server</Filter>
    </ClCompile>
    <ClCompile Include="..\src\io_server\ioDev_custom.cpp">
      <Filter>io_server</Filter>
    </ClCompile>
    <ClCompile Include="..\src\common\memDiag.cpp">
      <Filter>common</Filter>
    </ClCompile>
    <ClCompile Include="..\src\io_server\ioDev_dcqk.cpp">
      <Filter>io_server</Filter>
    </ClCompile>
    <ClCompile Include="..\src\io_server\ioDev_srvStatus.cpp">
      <Filter>io_server</Filter>
    </ClCompile>
    <ClCompile Include="..\src\io_server\ioGW_localSerial.cpp">
      <Filter>io_server</Filter>
    </ClCompile>
    <ClCompile Include="..\src\io_server\Parse315Protocol.cpp">
      <Filter>io_server</Filter>
    </ClCompile>
    <ClCompile Include="..\src\common\miniz.c">
      <Filter>common</Filter>
    </ClCompile>
    <ClCompile Include="..\src\common\dtwrecoge.cpp">
      <Filter>common</Filter>
    </ClCompile>
    <ClCompile Include="..\src\io_server\JHDEqpProtocol.cpp">
      <Filter>io_server</Filter>
    </ClCompile>
    <ClCompile Include="..\src\io_server\ioDev_jep_super.cpp">
      <Filter>io_server</Filter>
    </ClCompile>
    <ClCompile Include="..\src\tools\tcpHub.cpp">
      <Filter>tools</Filter>
    </ClCompile>
    <ClCompile Include="fileUploadSrv.cpp" />
    <ClCompile Include="diskClean.cpp">
      <Filter>tdb</Filter>
    </ClCompile>
    <ClCompile Include="..\src\tools\net2com.cpp">
      <Filter>tools</Filter>
    </ClCompile>
    <ClCompile Include="as_interface.cpp">
      <Filter>data_server</Filter>
    </ClCompile>
    <ClCompile Include="..\src\include\tds.cpp" />
  </ItemGroup>
  <ItemGroup>
    <ClInclude Include="..\src\common\httplib.h">
      <Filter>common</Filter>
    </ClInclude>
    <ClInclude Include="..\src\common\json.hpp">
      <Filter>common</Filter>
    </ClInclude>
    <ClInclude Include="..\src\common\logger.h">
      <Filter>common</Filter>
    </ClInclude>
    <ClInclude Include="..\src\common\tcpClt.h">
      <Filter>common</Filter>
    </ClInclude>
    <ClInclude Include="..\src\common\tcpSrv.h">
      <Filter>common</Filter>
    </ClInclude>
    <ClInclude Include="..\src\tds_imp.h" />
    <ClInclude Include="..\src\res\resource.h" />
    <ClInclude Include="..\src\common\yyjson.h">
      <Filter>common</Filter>
    </ClInclude>
    <ClInclude Include="..\src\common\udpSrv.h">
      <Filter>common</Filter>
    </ClInclude>
    <ClInclude Include="..\src\common\stream2pkt.h">
      <Filter>common</Filter>
    </ClInclude>
    <ClInclude Include="..\src\common\mongoose.h">
      <Filter>common</Filter>
    </ClInclude>
    <ClInclude Include="..\src\common\base64.h">
      <Filter>common</Filter>
    </ClInclude>
    <ClInclude Include="..\src\common\common.h">
      <Filter>common</Filter>
    </ClInclude>
    <ClInclude Include="..\src\common\kvIni.h">
      <Filter>common</Filter>
    </ClInclude>
    <ClInclude Include="..\src\data_server\tAlmSrv.h">
      <Filter>data_server</Filter>
    </ClInclude>
    <ClInclude Include="..\src\data_server\mp.h">
      <Filter>data_server</Filter>
    </ClInclude>
    <ClInclude Include="..\src\data_server\obj.h">
      <Filter>data_server</Filter>
    </ClInclude>
    <ClInclude Include="..\src\data_server\prj.h">
      <Filter>data_server</Filter>
    </ClInclude>
    <ClInclude Include="..\src\data_server\reverseInterface.h">
      <Filter>data_server</Filter>
    </ClInclude>
    <ClInclude Include="..\src\data_server\rpcHandler.h">
      <Filter>data_server</Filter>
    </ClInclude>
    <ClInclude Include="..\src\data_server\scriptEngine.h">
      <Filter>data_server</Filter>
    </ClInclude>
    <ClInclude Include="..\src\data_server\scriptFunc.h">
      <Filter>data_server</Filter>
    </ClInclude>
    <ClInclude Include="..\src\data_server\scriptManager.h">
      <Filter>data_server</Filter>
    </ClInclude>
    <ClInclude Include="..\src\data_server\tdsSession.h">
      <Filter>data_server</Filter>
    </ClInclude>
    <ClInclude Include="..\src\data_server\webSrv.h">
      <Filter>data_server</Filter>
    </ClInclude>
    <ClInclude Include="..\src\io_server\ioChan.h">
      <Filter>io_server</Filter>
    </ClInclude>
    <ClInclude Include="..\src\io_server\ioDev.h">
      <Filter>io_server</Filter>
    </ClInclude>
    <ClInclude Include="..\src\io_server\ioSrv.h">
      <Filter>io_server</Filter>
    </ClInclude>
    <ClInclude Include="..\src\io_server\proto_common.h">
      <Filter>io_server</Filter>
    </ClInclude>
    <ClInclude Include="..\src\io_server\wsProto.h">
      <Filter>io_server</Filter>
    </ClInclude>
    <ClInclude Include="..\src\func_module\csvTable.h">
      <Filter>func_module</Filter>
    </ClInclude>
    <ClInclude Include="..\src\func_module\dumpCatch.h">
      <Filter>func_module</Filter>
    </ClInclude>
    <ClInclude Include="..\src\func_module\hmrSrv.h">
      <Filter>func_module</Filter>
    </ClInclude>
    <ClInclude Include="..\src\func_module\logServer.h">
      <Filter>func_module</Filter>
    </ClInclude>
    <ClInclude Include="..\src\func_module\tdsConf.h">
      <Filter>func_module</Filter>
    </ClInclude>
    <ClInclude Include="..\src\func_module\tdsWatchDog.h">
      <Filter>func_module</Filter>
    </ClInclude>
    <ClInclude Include="..\src\func_module\userMng.h">
      <Filter>func_module</Filter>
    </ClInclude>
    <ClInclude Include="..\src\pch.h" />
    <ClInclude Include="func_module\aliDDNS.h">
      <Filter>tdsPro\func_module</Filter>
    </ClInclude>
    <ClInclude Include="func_module\gzhServer.h">
      <Filter>tdsPro\func_module</Filter>
    </ClInclude>
    <ClInclude Include="func_module\smsServer.h">
      <Filter>tdsPro\func_module</Filter>
    </ClInclude>
    <ClInclude Include="func_module\xiaot.h">
      <Filter>tdsPro\func_module</Filter>
    </ClInclude>
    <ClInclude Include="io_server\ioDev_bacnet.h">
      <Filter>tdsPro\io_server</Filter>
    </ClInclude>
    <ClInclude Include="io_server\ioDev_dlt645_2007.h">
      <Filter>tdsPro\io_server</Filter>
    </ClInclude>
    <ClInclude Include="io_server\ioDev_eip.h">
      <Filter>tdsPro\io_server</Filter>
    </ClInclude>
    <ClInclude Include="io_server\ioDev_iq60.h">
      <Filter>tdsPro\io_server</Filter>
    </ClInclude>
    <ClInclude Include="io_server\ioDev_modbusRtu.h">
      <Filter>tdsPro\io_server</Filter>
    </ClInclude>
    <ClInclude Include="io_server\ioDev_modbusSlave.h">
      <Filter>tdsPro\io_server</Filter>
    </ClInclude>
    <ClInclude Include="io_server\ioDev_modbusTcp.h">
      <Filter>tdsPro\io_server</Filter>
    </ClInclude>
    <ClInclude Include="io_server\ioDev_onvif.h">
      <Filter>tdsPro\io_server</Filter>
    </ClInclude>
    <ClInclude Include="io_server\ioDev_visca.h">
      <Filter>tdsPro\io_server</Filter>
    </ClInclude>
    <ClInclude Include="io_server\ioGW_localSerial.h">
      <Filter>tdsPro\io_server</Filter>
    </ClInclude>
    <ClInclude Include="io_server\proto_bacnet.hpp">
      <Filter>tdsPro\io_server</Filter>
    </ClInclude>
    <ClInclude Include="io_server\proto_can.hpp">
      <Filter>tdsPro\io_server</Filter>
    </ClInclude>
    <ClInclude Include="io_server\proto_cip.hpp">
      <Filter>tdsPro\io_server</Filter>
    </ClInclude>
    <ClInclude Include="io_server\proto_dlt645_2007.hpp">
      <Filter>tdsPro\io_server</Filter>
    </ClInclude>
    <ClInclude Include="io_server\proto_eip.hpp">
      <Filter>tdsPro\io_server</Filter>
    </ClInclude>
    <ClInclude Include="io_server\proto_logix_plc.hpp">
      <Filter>tdsPro\io_server</Filter>
    </ClInclude>
    <ClInclude Include="io_server\proto_rtu.hpp">
      <Filter>tdsPro\io_server</Filter>
    </ClInclude>
    <ClInclude Include="io_server\proto_visca.hpp">
      <Filter>tdsPro\io_server</Filter>
    </ClInclude>
    <ClInclude Include="..\src\io_server\ioDev_tdsp.h">
      <Filter>io_server</Filter>
    </ClInclude>
    <ClInclude Include="..\src\common\secure.h">
      <Filter>common</Filter>
    </ClInclude>
    <ClInclude Include="..\src\common\hmac.h">
      <Filter>common</Filter>
    </ClInclude>
    <ClInclude Include="..\src\common\sha1.h">
      <Filter>common</Filter>
    </ClInclude>
    <ClInclude Include="..\src\common\sha256.h">
      <Filter>common</Filter>
    </ClInclude>
    <ClInclude Include="..\src\common\md5.h">
      <Filter>common</Filter>
    </ClInclude>
    <ClInclude Include="..\src\func_module\taskServer.h">
      <Filter>func_module</Filter>
    </ClInclude>
    <ClInclude Include="io_server\ioDev_srvStatus.h">
      <Filter>tdsPro\io_server</Filter>
    </ClInclude>
    <ClInclude Include="..\src\func_module\statusServer.h">
      <Filter>func_module</Filter>
    </ClInclude>
    <ClInclude Include="..\src\data_server\jerry.h">
      <Filter>tdb</Filter>
    </ClInclude>
    <ClInclude Include="..\src\data_server\tdb.h">
      <Filter>tdb</Filter>
    </ClInclude>
    <ClInclude Include="..\src\io_server\ioGW_rs485ToNet.h">
      <Filter>io_server</Filter>
    </ClInclude>
    <ClInclude Include="..\src\io_server\ioDev_custom.h">
      <Filter>io_server</Filter>
    </ClInclude>
    <ClInclude Include="..\src\common\memDiag.h">
      <Filter>common</Filter>
    </ClInclude>
    <ClInclude Include="..\src\io_server\ioDev_camera.h">
      <Filter>io_server</Filter>
    </ClInclude>
    <ClInclude Include="..\src\io_server\ioDev_dcqk.h">
      <Filter>io_server</Filter>
    </ClInclude>
    <ClInclude Include="..\src\io_server\ioDev_srvStatus.h">
      <Filter>io_server</Filter>
    </ClInclude>
    <ClInclude Include="..\src\io_server\ioGW_localSerial.h">
      <Filter>io_server</Filter>
    </ClInclude>
    <ClInclude Include="..\src\io_server\Parse315Protocol.h">
      <Filter>io_server</Filter>
    </ClInclude>
    <ClInclude Include="..\src\io_server\proto_can.hpp">
      <Filter>io_server</Filter>
    </ClInclude>
    <ClInclude Include="..\src\common\miniz.h">
      <Filter>common</Filter>
    </ClInclude>
    <ClInclude Include="..\src\common\DTW.hpp">
      <Filter>common</Filter>
    </ClInclude>
    <ClInclude Include="..\src\common\dtwrecoge.h">
      <Filter>common</Filter>
    </ClInclude>
    <ClInclude Include="..\src\io_server\JHDEqpProtocol.h">
      <Filter>io_server</Filter>
    </ClInclude>
    <ClInclude Include="..\src\io_server\ioDev_jep_super.h">
      <Filter>io_server</Filter>
    </ClInclude>
    <ClInclude Include="..\src\tools\tcpHub.h">
      <Filter>tools</Filter>
    </ClInclude>
    <ClInclude Include="fileUploadSrv.h" />
    <ClInclude Include="diskClean.h">
      <Filter>tdb</Filter>
    </ClInclude>
    <ClInclude Include="..\src\tools\net2com.h">
      <Filter>tools</Filter>
    </ClInclude>
    <ClInclude Include="as_interface.h">
      <Filter>data_server</Filter>
    </ClInclude>
    <ClInclude Include="..\src\include\tds.h" />
    <ClInclude Include="..\src\include\tdsRPC.h" />
  </ItemGroup>
  <ItemGroup>
    <Image Include="..\src\res\logo.ico" />
  </ItemGroup>
  <ItemGroup>
    <ResourceCompile Include="tds Pro.rc" />
  </ItemGroup>
</Project>