<?xml version="1.0" encoding="utf-8"?>
<Project ToolsVersion="4.0" xmlns="http://schemas.microsoft.com/developer/msbuild/2003">
  <ItemGroup>
    <ClCompile Include="main.cpp" />
    <ClCompile Include="..\..\src\data_server\tdb.cpp" />
    <ClCompile Include="..\..\src\common\yyjson.c" />
    <ClCompile Include="..\..\src\common\dtwrecoge.cpp" />
    <ClCompile Include="..\..\src\common\common.cpp" />
    <ClCompile Include="..\..\src\include\tds.cpp" />
  </ItemGroup>
  <ItemGroup>
    <ClInclude Include="..\..\src\data_server\tdb.h" />
    <ClInclude Include="..\..\src\common\yyjson.h" />
    <ClInclude Include="..\..\src\common\DTW.hpp" />
    <ClInclude Include="..\..\src\common\dtwrecoge.h" />
    <ClInclude Include="..\..\src\common\common.h" />
    <ClInclude Include="..\..\src\include\tds.h" />
  </ItemGroup>
</Project>