<?xml version="1.0" encoding="utf-8"?>
<Project ToolsVersion="4.0" xmlns="http://schemas.microsoft.com/developer/msbuild/2003">
  <ItemGroup>
    <Filter Include="alarm_server">
      <UniqueIdentifier>{ca20fe64-4ddf-458f-b947-dd3f1a2055ba}</UniqueIdentifier>
    </Filter>
    <Filter Include="common">
      <UniqueIdentifier>{61f8ed5b-3995-4b52-98af-21ad15ab804f}</UniqueIdentifier>
    </Filter>
    <Filter Include="video">
      <UniqueIdentifier>{19a95ac0-72f8-4259-aefd-f050c43fe1e8}</UniqueIdentifier>
    </Filter>
    <Filter Include="data_server">
      <UniqueIdentifier>{5d91d037-d2ac-4c19-880f-65f813a180bc}</UniqueIdentifier>
    </Filter>
    <Filter Include="xiaot">
      <UniqueIdentifier>{a0dd2bb4-1341-4a15-b383-58f388ed4508}</UniqueIdentifier>
    </Filter>
    <Filter Include="tools">
      <UniqueIdentifier>{5c421f04-c8d6-46ac-910e-159730a81355}</UniqueIdentifier>
    </Filter>
    <Filter Include="users">
      <UniqueIdentifier>{9131bb6c-33a5-47b4-90cd-9f0ff87dde35}</UniqueIdentifier>
    </Filter>
    <Filter Include="logServer">
      <UniqueIdentifier>{2ceef404-76b7-46d3-825a-f27e496c0dda}</UniqueIdentifier>
    </Filter>
    <Filter Include="moManage">
      <UniqueIdentifier>{5c041c2c-d942-445f-a645-2cdaba770361}</UniqueIdentifier>
    </Filter>
    <Filter Include="ioServer">
      <UniqueIdentifier>{b0a1e03c-3dcb-4bef-9321-c390636edfc2}</UniqueIdentifier>
    </Filter>
    <Filter Include="globalManage">
      <UniqueIdentifier>{839651a6-0e6f-4680-b62a-3d40e2674a4c}</UniqueIdentifier>
    </Filter>
  </ItemGroup>
  <ItemGroup>
    <ClCompile Include="..\src\alarm_server\as.cpp">
      <Filter>alarm_server</Filter>
    </ClCompile>
    <ClCompile Include="..\src\video\remoteDesktopServer.cpp">
      <Filter>video</Filter>
    </ClCompile>
    <ClCompile Include="..\src\common\base64.cpp">
      <Filter>common</Filter>
    </ClCompile>
    <ClCompile Include="..\src\common\logger.cpp">
      <Filter>common</Filter>
    </ClCompile>
    <ClCompile Include="..\src\common\sha1.cpp">
      <Filter>common</Filter>
    </ClCompile>
    <ClCompile Include="..\src\common\simdjson.cpp">
      <Filter>common</Filter>
    </ClCompile>
    <ClCompile Include="..\src\common\tcpClt.cpp">
      <Filter>common</Filter>
    </ClCompile>
    <ClCompile Include="..\src\common\tcpSrv.cpp">
      <Filter>common</Filter>
    </ClCompile>
    <ClCompile Include="..\src\data_server\db.cpp">
      <Filter>data_server</Filter>
    </ClCompile>
    <ClCompile Include="..\src\data_server\ds.cpp">
      <Filter>data_server</Filter>
    </ClCompile>
    <ClCompile Include="..\src\data_server\rpcHandler.cpp">
      <Filter>data_server</Filter>
    </ClCompile>
    <ClCompile Include="..\src\data_server\tdsSession.cpp">
      <Filter>data_server</Filter>
    </ClCompile>
    <ClCompile Include="..\src\data_server\wsProto.cpp">
      <Filter>data_server</Filter>
    </ClCompile>
    <ClCompile Include="..\src\data_server\wspSrv.cpp">
      <Filter>data_server</Filter>
    </ClCompile>
    <ClCompile Include="..\src\main.cpp" />
    <ClCompile Include="..\src\io_server\commSrv.cpp">
      <Filter>ioServer</Filter>
    </ClCompile>
    <ClCompile Include="..\src\io_server\ioDev.cpp">
      <Filter>ioServer</Filter>
    </ClCompile>
    <ClCompile Include="..\src\io_server\ioDev_modbusSlave.cpp">
      <Filter>ioServer</Filter>
    </ClCompile>
    <ClCompile Include="..\src\io_server\ioGW_localSerial.cpp">
      <Filter>ioServer</Filter>
    </ClCompile>
    <ClCompile Include="..\src\io_server\ioSrv.cpp">
      <Filter>ioServer</Filter>
    </ClCompile>
    <ClCompile Include="..\src\mo_model\amo.cpp">
      <Filter>moManage</Filter>
    </ClCompile>
    <ClCompile Include="..\src\mo_model\mo.cpp">
      <Filter>moManage</Filter>
    </ClCompile>
    <ClCompile Include="..\src\mo_model\mp.cpp">
      <Filter>moManage</Filter>
    </ClCompile>
    <ClCompile Include="..\src\mo_model\prj.cpp">
      <Filter>moManage</Filter>
    </ClCompile>
    <ClCompile Include="..\src\mo_model\stream2pkt.cpp">
      <Filter>moManage</Filter>
    </ClCompile>
    <ClCompile Include="..\src\io_server\ioDev_mqttBroker.cpp">
      <Filter>ioServer</Filter>
    </ClCompile>
    <ClCompile Include="..\src\io_server\ioDev_tuya.cpp">
      <Filter>ioServer</Filter>
    </ClCompile>
    <ClCompile Include="..\src\io_server\ioGW_tuyaProject.cpp">
      <Filter>ioServer</Filter>
    </ClCompile>
    <ClCompile Include="..\src\io_server\ioChan.cpp">
      <Filter>ioServer</Filter>
    </ClCompile>
    <ClCompile Include="..\src\xiaot\xiaot.cpp">
      <Filter>xiaot</Filter>
    </ClCompile>
    <ClCompile Include="..\src\tds_imp.cpp" />
    <ClCompile Include="..\src\video\videoCodec.cpp">
      <Filter>video</Filter>
    </ClCompile>
    <ClCompile Include="..\src\io_server\ioDiscoverer.cpp">
      <Filter>ioServer</Filter>
    </ClCompile>
    <ClCompile Include="..\src\io_server\ioDev_iq60.cpp">
      <Filter>ioServer</Filter>
    </ClCompile>
    <ClCompile Include="..\src\tools\tcpHub.cpp">
      <Filter>tools</Filter>
    </ClCompile>
    <ClCompile Include="..\src\tools\tcpSwitch.cpp">
      <Filter>tools</Filter>
    </ClCompile>
    <ClCompile Include="..\src\tools\tcpReverseProxy.cpp">
      <Filter>tools</Filter>
    </ClCompile>
    <ClCompile Include="..\src\tools\tcp2com.cpp">
      <Filter>tools</Filter>
    </ClCompile>
    <ClCompile Include="..\src\video\ioDev_genicam.cpp">
      <Filter>ioServer</Filter>
    </ClCompile>
    <ClCompile Include="..\src\video\streamSrvNode.cpp">
      <Filter>video</Filter>
    </ClCompile>
    <ClCompile Include="..\src\video\streamServer.cpp">
      <Filter>video</Filter>
    </ClCompile>
    <ClCompile Include="..\src\tools\tdsShell.cpp">
      <Filter>tools</Filter>
    </ClCompile>
    <ClCompile Include="..\src\pch.cpp" />
    <ClCompile Include="..\src\common\yyjson.c">
      <Filter>common</Filter>
    </ClCompile>
    <ClCompile Include="..\src\io_server\ioGW_rs485.cpp">
      <Filter>ioServer</Filter>
    </ClCompile>
    <ClCompile Include="..\src\io_server\ioDev_tdsp.cpp">
      <Filter>ioServer</Filter>
    </ClCompile>
    <ClCompile Include="..\src\users\userMng.cpp">
      <Filter>users</Filter>
    </ClCompile>
    <ClCompile Include="..\src\xiaot\scriptHost.cpp">
      <Filter>xiaot</Filter>
    </ClCompile>
    <ClCompile Include="..\src\mo_model\conf.cpp">
      <Filter>globalManage</Filter>
    </ClCompile>
    <ClCompile Include="..\src\logServer\logServer.cpp">
      <Filter>logServer</Filter>
    </ClCompile>
    <ClCompile Include="..\src\logServer\csvTable.cpp">
      <Filter>logServer</Filter>
    </ClCompile>
    <ClCompile Include="..\src\tools\tdsWatchDog.cpp">
      <Filter>tools</Filter>
    </ClCompile>
    <ClCompile Include="..\src\common\udpSrv.cpp">
      <Filter>common</Filter>
    </ClCompile>
  </ItemGroup>
  <ItemGroup>
    <ClInclude Include="..\src\alarm_server\as.h">
      <Filter>alarm_server</Filter>
    </ClInclude>
    <ClInclude Include="..\src\video\ffmpeg.h">
      <Filter>video</Filter>
    </ClInclude>
    <ClInclude Include="..\src\video\remoteDesktopServer.h">
      <Filter>video</Filter>
    </ClInclude>
    <ClInclude Include="..\src\common\base64.h">
      <Filter>common</Filter>
    </ClInclude>
    <ClInclude Include="..\src\common\cmdparser.hpp">
      <Filter>common</Filter>
    </ClInclude>
    <ClInclude Include="..\src\common\httplib.h">
      <Filter>common</Filter>
    </ClInclude>
    <ClInclude Include="..\src\common\json.hpp">
      <Filter>common</Filter>
    </ClInclude>
    <ClInclude Include="..\src\common\logger.h">
      <Filter>common</Filter>
    </ClInclude>
    <ClInclude Include="..\src\common\sha1.h">
      <Filter>common</Filter>
    </ClInclude>
    <ClInclude Include="..\src\common\simdjson.h">
      <Filter>common</Filter>
    </ClInclude>
    <ClInclude Include="..\src\common\tcpClt.h">
      <Filter>common</Filter>
    </ClInclude>
    <ClInclude Include="..\src\common\tcpSrv.h">
      <Filter>common</Filter>
    </ClInclude>
    <ClInclude Include="..\src\data_server\db.h">
      <Filter>data_server</Filter>
    </ClInclude>
    <ClInclude Include="..\src\data_server\ds.h">
      <Filter>data_server</Filter>
    </ClInclude>
    <ClInclude Include="..\src\data_server\rpcHandler.h">
      <Filter>data_server</Filter>
    </ClInclude>
    <ClInclude Include="..\src\data_server\tdsSession.h">
      <Filter>data_server</Filter>
    </ClInclude>
    <ClInclude Include="..\src\data_server\wsProto.h">
      <Filter>data_server</Filter>
    </ClInclude>
    <ClInclude Include="..\src\data_server\wspSrv.h">
      <Filter>data_server</Filter>
    </ClInclude>
    <ClInclude Include="..\src\io_server\commSrv.h">
      <Filter>ioServer</Filter>
    </ClInclude>
    <ClInclude Include="..\src\io_server\ioChan.h">
      <Filter>ioServer</Filter>
    </ClInclude>
    <ClInclude Include="..\src\io_server\ioDev.h">
      <Filter>ioServer</Filter>
    </ClInclude>
    <ClInclude Include="..\src\io_server\ioDev_modbusSlave.h">
      <Filter>ioServer</Filter>
    </ClInclude>
    <ClInclude Include="..\src\io_server\ioGW_localSerial.h">
      <Filter>ioServer</Filter>
    </ClInclude>
    <ClInclude Include="..\src\io_server\ioSrv.h">
      <Filter>ioServer</Filter>
    </ClInclude>
    <ClInclude Include="..\src\mo_model\amo.h">
      <Filter>moManage</Filter>
    </ClInclude>
    <ClInclude Include="..\src\mo_model\mo.h">
      <Filter>moManage</Filter>
    </ClInclude>
    <ClInclude Include="..\src\mo_model\mp.h">
      <Filter>moManage</Filter>
    </ClInclude>
    <ClInclude Include="..\src\mo_model\prj.h">
      <Filter>moManage</Filter>
    </ClInclude>
    <ClInclude Include="..\src\mo_model\stream2pkt.h">
      <Filter>moManage</Filter>
    </ClInclude>
    <ClInclude Include="..\src\mo_model\tdscore.h">
      <Filter>moManage</Filter>
    </ClInclude>
    <ClInclude Include="..\src\io_server\ioDev_mqttBroker.h">
      <Filter>ioServer</Filter>
    </ClInclude>
    <ClInclude Include="..\src\io_server\ioDev_tuya.h">
      <Filter>ioServer</Filter>
    </ClInclude>
    <ClInclude Include="..\src\io_server\ioGW_tuyaProject.h">
      <Filter>ioServer</Filter>
    </ClInclude>
    <ClInclude Include="..\src\pch.h" />
    <ClInclude Include="..\src\data_server\dsClientStream.h">
      <Filter>data_server</Filter>
    </ClInclude>
    <ClInclude Include="..\src\xiaot\xiaot.h">
      <Filter>xiaot</Filter>
    </ClInclude>
    <ClInclude Include="..\src\tds.h" />
    <ClInclude Include="..\src\tds_imp.h" />
    <ClInclude Include="..\src\video\videoCodec.h">
      <Filter>video</Filter>
    </ClInclude>
    <ClInclude Include="..\src\io_server\ioDiscoverer.h">
      <Filter>ioServer</Filter>
    </ClInclude>
    <ClInclude Include="..\src\res\resource.h" />
    <ClInclude Include="..\src\io_server\ioDev_iq60.h">
      <Filter>ioServer</Filter>
    </ClInclude>
    <ClInclude Include="..\src\tools\tcpHub.h">
      <Filter>tools</Filter>
    </ClInclude>
    <ClInclude Include="..\src\tools\tcpSwitch.h">
      <Filter>tools</Filter>
    </ClInclude>
    <ClInclude Include="..\src\tools\tcpReverseProxy.h">
      <Filter>tools</Filter>
    </ClInclude>
    <ClInclude Include="..\src\tools\tcp2com.h">
      <Filter>tools</Filter>
    </ClInclude>
    <ClInclude Include="..\src\video\ioDev_genicam.h">
      <Filter>ioServer</Filter>
    </ClInclude>
    <ClInclude Include="..\src\video\streamSrvNode.h">
      <Filter>video</Filter>
    </ClInclude>
    <ClInclude Include="..\src\video\streamServer.h">
      <Filter>video</Filter>
    </ClInclude>
    <ClInclude Include="..\src\tools\tdsShell.h">
      <Filter>tools</Filter>
    </ClInclude>
    <ClInclude Include="..\src\3rdparty\miniblink\include\wke.h">
      <Filter>tools</Filter>
    </ClInclude>
    <ClInclude Include="..\src\common\common.hpp">
      <Filter>common</Filter>
    </ClInclude>
    <ClInclude Include="..\src\common\yyjson.h">
      <Filter>common</Filter>
    </ClInclude>
    <ClInclude Include="..\src\io_server\ioGW_rs485.h">
      <Filter>ioServer</Filter>
    </ClInclude>
    <ClInclude Include="..\src\io_server\ioDev_tdsp.h">
      <Filter>ioServer</Filter>
    </ClInclude>
    <ClInclude Include="..\src\users\userMng.h">
      <Filter>users</Filter>
    </ClInclude>
    <ClInclude Include="..\src\xiaot\scriptHost.h">
      <Filter>xiaot</Filter>
    </ClInclude>
    <ClInclude Include="..\src\mo_model\conf.h">
      <Filter>globalManage</Filter>
    </ClInclude>
    <ClInclude Include="..\src\logServer\logServer.h">
      <Filter>logServer</Filter>
    </ClInclude>
    <ClInclude Include="..\src\logServer\csvTable.h">
      <Filter>logServer</Filter>
    </ClInclude>
    <ClInclude Include="..\src\tools\tdsWatchDog.h">
      <Filter>tools</Filter>
    </ClInclude>
    <ClInclude Include="..\src\common\udpSrv.h">
      <Filter>common</Filter>
    </ClInclude>
  </ItemGroup>
  <ItemGroup>
    <ResourceCompile Include="..\src\res\tds.rc" />
  </ItemGroup>
</Project>