<?xml version="1.0" encoding="utf-8"?>
<Project ToolsVersion="4.0" xmlns="http://schemas.microsoft.com/developer/msbuild/2003">
  <ItemGroup>
    <Filter Include="io_server">
      <UniqueIdentifier>{4ca059ce-5527-499b-9b1c-3d85fed4455f}</UniqueIdentifier>
    </Filter>
    <Filter Include="data_server">
      <UniqueIdentifier>{73719ee9-e915-4496-bf48-7128541fe739}</UniqueIdentifier>
    </Filter>
    <Filter Include="common">
      <UniqueIdentifier>{a8a1337a-85ee-49fc-a812-b7b9e84e2a02}</UniqueIdentifier>
    </Filter>
    <Filter Include="func_module">
      <UniqueIdentifier>{67e9cd39-79f1-4db1-a4d9-91608d6f3508}</UniqueIdentifier>
    </Filter>
  </ItemGroup>
</Project>