
Microsoft Visual Studio Solution File, Format Version 12.00
# Visual Studio Version 16
VisualStudioVersion = 16.0.31025.194
MinimumVisualStudioVersion = 10.0.40219.1
Project("{8BC9CEB8-8B4A-11D0-8D11-00A0C91BC942}") = "ui", "..\ui\ui.vcxproj", "{F2554722-42E5-43F2-B8ED-0A98E3453E4F}"
EndProject
Project("{8BC9CEB8-8B4A-11D0-8D11-00A0C91BC942}") = "tds", "tds.vcxproj", "{544C442E-FCB4-4CFA-82D0-261FF1F58B8B}"
EndProject
Global
	GlobalSection(SolutionConfigurationPlatforms) = preSolution
		Debug|x64 = Debug|x64
		Debug|x86 = Debug|x86
		Release|x64 = Release|x64
		Release|x86 = Release|x86
	EndGlobalSection
	GlobalSection(ProjectConfigurationPlatforms) = postSolution
		{F2554722-42E5-43F2-B8ED-0A98E3453E4F}.Debug|x64.ActiveCfg = Debug|x64
		{F2554722-42E5-43F2-B8ED-0A98E3453E4F}.Debug|x64.Build.0 = Debug|x64
		{F2554722-42E5-43F2-B8ED-0A98E3453E4F}.Debug|x86.ActiveCfg = Debug|Win32
		{F2554722-42E5-43F2-B8ED-0A98E3453E4F}.Debug|x86.Build.0 = Debug|Win32
		{F2554722-42E5-43F2-B8ED-0A98E3453E4F}.Release|x64.ActiveCfg = Release|x64
		{F2554722-42E5-43F2-B8ED-0A98E3453E4F}.Release|x64.Build.0 = Release|x64
		{F2554722-42E5-43F2-B8ED-0A98E3453E4F}.Release|x86.ActiveCfg = Release|Win32
		{F2554722-42E5-43F2-B8ED-0A98E3453E4F}.Release|x86.Build.0 = Release|Win32
		{544C442E-FCB4-4CFA-82D0-261FF1F58B8B}.Debug|x64.ActiveCfg = dll - D|x64
		{544C442E-FCB4-4CFA-82D0-261FF1F58B8B}.Debug|x64.Build.0 = dll - D|x64
		{544C442E-FCB4-4CFA-82D0-261FF1F58B8B}.Debug|x86.ActiveCfg = dll - D|Win32
		{544C442E-FCB4-4CFA-82D0-261FF1F58B8B}.Debug|x86.Build.0 = dll - D|Win32
		{544C442E-FCB4-4CFA-82D0-261FF1F58B8B}.Release|x64.ActiveCfg = dll - R|x64
		{544C442E-FCB4-4CFA-82D0-261FF1F58B8B}.Release|x64.Build.0 = dll - R|x64
		{544C442E-FCB4-4CFA-82D0-261FF1F58B8B}.Release|x86.ActiveCfg = dll - R|Win32
		{544C442E-FCB4-4CFA-82D0-261FF1F58B8B}.Release|x86.Build.0 = dll - R|Win32
	EndGlobalSection
	GlobalSection(SolutionProperties) = preSolution
		HideSolutionNode = FALSE
	EndGlobalSection
	GlobalSection(ExtensibilityGlobals) = postSolution
		SolutionGuid = {6E6CEE1F-EF9B-4B85-8017-CC37B007EB05}
	EndGlobalSection
EndGlobal
